
Microsoft Visual Studio Solution File, Format Version 12.00
# Visual Studio Version 17
VisualStudioVersion = 17.10.35027.167
MinimumVisualStudioVersion = 10.0.40219.1
Project("{FAE04EC0-301F-11D3-BF4B-00C04F79EFBC}") = "객체지향과 클래스_기초실습", "객체지향과 클래스_기초실습.csproj", "{F837B259-A594-40C2-983E-8FA3F8C7C34A}"
EndProject
Global
	GlobalSection(SolutionConfigurationPlatforms) = preSolution
		Debug|Any CPU = Debug|Any CPU
		Release|Any CPU = Release|Any CPU
	EndGlobalSection
	GlobalSection(ProjectConfigurationPlatforms) = postSolution
		{F837B259-A594-40C2-983E-8FA3F8C7C34A}.Debug|Any CPU.ActiveCfg = Debug|Any CPU
		{F837B259-A594-40C2-983E-8FA3F8C7C34A}.Debug|Any CPU.Build.0 = Debug|Any CPU
		{F837B259-A594-40C2-983E-8FA3F8C7C34A}.Release|Any CPU.ActiveCfg = Release|Any CPU
		{F837B259-A594-40C2-983E-8FA3F8C7C34A}.Release|Any CPU.Build.0 = Release|Any CPU
	EndGlobalSection
	GlobalSection(SolutionProperties) = preSolution
		HideSolutionNode = FALSE
	EndGlobalSection
	GlobalSection(ExtensibilityGlobals) = postSolution
		SolutionGuid = {655B4043-8AC3-4921-AFB7-D566D6D18956}
	EndGlobalSection
EndGlobal
