
Microsoft Visual Studio Solution File, Format Version 12.00
# Visual Studio Version 17
VisualStudioVersion = 17.10.35027.167
MinimumVisualStudioVersion = 10.0.40219.1
Project("{FAE04EC0-301F-11D3-BF4B-00C04F79EFBC}") = "클래스와 Static_기초실습", "클래스와 Static_기초실습.csproj", "{F687579C-542E-400B-81C3-3A1B5A17F91C}"
EndProject
Global
	GlobalSection(SolutionConfigurationPlatforms) = preSolution
		Debug|Any CPU = Debug|Any CPU
		Release|Any CPU = Release|Any CPU
	EndGlobalSection
	GlobalSection(ProjectConfigurationPlatforms) = postSolution
		{F687579C-542E-400B-81C3-3A1B5A17F91C}.Debug|Any CPU.ActiveCfg = Debug|Any CPU
		{F687579C-542E-400B-81C3-3A1B5A17F91C}.Debug|Any CPU.Build.0 = Debug|Any CPU
		{F687579C-542E-400B-81C3-3A1B5A17F91C}.Release|Any CPU.ActiveCfg = Release|Any CPU
		{F687579C-542E-400B-81C3-3A1B5A17F91C}.Release|Any CPU.Build.0 = Release|Any CPU
	EndGlobalSection
	GlobalSection(SolutionProperties) = preSolution
		HideSolutionNode = FALSE
	EndGlobalSection
	GlobalSection(ExtensibilityGlobals) = postSolution
		SolutionGuid = {E9DACF55-05BB-4814-84F6-EC0AF7B1173B}
	EndGlobalSection
EndGlobal
